
Microsoft Visual Studio Solution File, Format Version 12.00
# Visual Studio Version 17
VisualStudioVersion = 17.0.31903.59
MinimumVisualStudioVersion = 10.0.40219.1
Project("{FAE04EC0-301F-11D3-BF4B-00C04F79EFBC}") = "ApiAddressTestAspNet", "ApiAddressTestAspNet\ApiAddressTestAspNet.csproj", "{116CA587-9066-4A67-8232-6A5509DD0CE0}"
EndProject
Global
	GlobalSection(SolutionConfigurationPlatforms) = preSolution
		Debug|Any CPU = Debug|Any CPU
		Release|Any CPU = Release|Any CPU
	EndGlobalSection
	GlobalSection(ProjectConfigurationPlatforms) = postSolution
		{116CA587-9066-4A67-8232-6A5509DD0CE0}.Debug|Any CPU.ActiveCfg = Debug|Any CPU
		{116CA587-9066-4A67-8232-6A5509DD0CE0}.Debug|Any CPU.Build.0 = Debug|Any CPU
		{116CA587-9066-4A67-8232-6A5509DD0CE0}.Release|Any CPU.ActiveCfg = Release|Any CPU
		{116CA587-9066-4A67-8232-6A5509DD0CE0}.Release|Any CPU.Build.0 = Release|Any CPU
	EndGlobalSection
	GlobalSection(SolutionProperties) = preSolution
		HideSolutionNode = FALSE
	EndGlobalSection
	GlobalSection(ExtensibilityGlobals) = postSolution
		SolutionGuid = {47118626-151C-470D-962C-5F74C153E7DA}
	EndGlobalSection
EndGlobal
